
Microsoft Visual Studio Solution File, Format Version 12.00
# Visual Studio 15
VisualStudioVersion = 15.0.26730.10
MinimumVisualStudioVersion = 10.0.40219.1
Project("{8BC9CEB8-8B4A-11D0-8D11-00A0C91BC942}") = "Basic GUI-less Calculator", "Basic GUI-less Calculator\Basic GUI-less Calculator.vcxproj", "{7CAFEE26-463E-42AA-8424-BD45D5E7CFD6}"
EndProject
Global
	GlobalSection(SolutionConfigurationPlatforms) = preSolution
		Debug|x64 = Debug|x64
		Debug|x86 = Debug|x86
		Release|x64 = Release|x64
		Release|x86 = Release|x86
	EndGlobalSection
	GlobalSection(ProjectConfigurationPlatforms) = postSolution
		{7CAFEE26-463E-42AA-8424-BD45D5E7CFD6}.Debug|x64.ActiveCfg = Debug|x64
		{7CAFEE26-463E-42AA-8424-BD45D5E7CFD6}.Debug|x64.Build.0 = Debug|x64
		{7CAFEE26-463E-42AA-8424-BD45D5E7CFD6}.Debug|x86.ActiveCfg = Debug|Win32
		{7CAFEE26-463E-42AA-8424-BD45D5E7CFD6}.Debug|x86.Build.0 = Debug|Win32
		{7CAFEE26-463E-42AA-8424-BD45D5E7CFD6}.Release|x64.ActiveCfg = Release|x64
		{7CAFEE26-463E-42AA-8424-BD45D5E7CFD6}.Release|x64.Build.0 = Release|x64
		{7CAFEE26-463E-42AA-8424-BD45D5E7CFD6}.Release|x86.ActiveCfg = Release|Win32
		{7CAFEE26-463E-42AA-8424-BD45D5E7CFD6}.Release|x86.Build.0 = Release|Win32
	EndGlobalSection
	GlobalSection(SolutionProperties) = preSolution
		HideSolutionNode = FALSE
	EndGlobalSection
	GlobalSection(ExtensibilityGlobals) = postSolution
		SolutionGuid = {042598C5-C91C-4E13-820E-249C10687696}
	EndGlobalSection
EndGlobal
